
Microsoft Visual Studio Solution File, Format Version 12.00
# Visual Studio 14
VisualStudioVersion = 14.0.25420.1
MinimumVisualStudioVersion = 10.0.40219.1
Project("{FAE04EC0-301F-11D3-BF4B-00C04F79EFBC}") = "DeepQStock", "DeepQStock.csproj", "{E6FD0E15-0AE4-46BD-8746-913EB3C5E2F3}"
EndProject
Project("{FAE04EC0-301F-11D3-BF4B-00C04F79EFBC}") = "DeepQStock.Console", "..\DeepQStock.Console\DeepQStock.Console.csproj", "{C8E89433-2A1A-47D6-8E7E-5E3283F37FE4}"
EndProject
Project("{FAE04EC0-301F-11D3-BF4B-00C04F79EFBC}") = "DeepQStock.Tests", "DeepQStock.Tests\DeepQStock.Tests.csproj", "{B0B11FDE-1EF8-4438-B976-E6E559D78491}"
EndProject
Global
	GlobalSection(SolutionConfigurationPlatforms) = preSolution
		Debug|Any CPU = Debug|Any CPU
		Release|Any CPU = Release|Any CPU
	EndGlobalSection
	GlobalSection(ProjectConfigurationPlatforms) = postSolution
		{E6FD0E15-0AE4-46BD-8746-913EB3C5E2F3}.Debug|Any CPU.ActiveCfg = Debug|Any CPU
		{E6FD0E15-0AE4-46BD-8746-913EB3C5E2F3}.Debug|Any CPU.Build.0 = Debug|Any CPU
		{E6FD0E15-0AE4-46BD-8746-913EB3C5E2F3}.Release|Any CPU.ActiveCfg = Release|Any CPU
		{E6FD0E15-0AE4-46BD-8746-913EB3C5E2F3}.Release|Any CPU.Build.0 = Release|Any CPU
		{C8E89433-2A1A-47D6-8E7E-5E3283F37FE4}.Debug|Any CPU.ActiveCfg = Debug|Any CPU
		{C8E89433-2A1A-47D6-8E7E-5E3283F37FE4}.Debug|Any CPU.Build.0 = Debug|Any CPU
		{C8E89433-2A1A-47D6-8E7E-5E3283F37FE4}.Release|Any CPU.ActiveCfg = Release|Any CPU
		{C8E89433-2A1A-47D6-8E7E-5E3283F37FE4}.Release|Any CPU.Build.0 = Release|Any CPU
		{B0B11FDE-1EF8-4438-B976-E6E559D78491}.Debug|Any CPU.ActiveCfg = Debug|Any CPU
		{B0B11FDE-1EF8-4438-B976-E6E559D78491}.Debug|Any CPU.Build.0 = Debug|Any CPU
		{B0B11FDE-1EF8-4438-B976-E6E559D78491}.Release|Any CPU.ActiveCfg = Release|Any CPU
		{B0B11FDE-1EF8-4438-B976-E6E559D78491}.Release|Any CPU.Build.0 = Release|Any CPU
	EndGlobalSection
	GlobalSection(SolutionProperties) = preSolution
		HideSolutionNode = FALSE
	EndGlobalSection
EndGlobal
